// !$*UTF8*$!
{
	archiveVersion = 1;
	classes = {
	};
	objectVersion = 46;
	objects = {

/* Begin PBXBuildFile section */
		EC1201671846139E00BECD79 /* bg.png in Resources */ = {isa = PBXBuildFile; fileRef = EC1201641846139E00BECD79 /* bg.png */; };
		EC12016B18463C2000BECD79 /* bg2.png in Resources */ = {isa = PBXBuildFile; fileRef = EC12016A18463C2000BECD79 /* bg2.png */; };
		EC12016D18463C7F00BECD79 /* stones.png in Resources */ = {isa = PBXBuildFile; fileRef = EC12016C18463C7F00BECD79 /* stones.png */; };
		EC12016F18463D3500BECD79 /* scenario.png in Resources */ = {isa = PBXBuildFile; fileRef = EC12016E18463D3500BECD79 /* scenario.png */; };
		EC2F69FA1834E9030032C836 /* Foundation.framework in Frameworks */ = {isa = PBXBuildFile; fileRef = EC2F69F91834E9030032C836 /* Foundation.framework */; };
		EC2F69FC1834E9030032C836 /* CoreGraphics.framework in Frameworks */ = {isa = PBXBuildFile; fileRef = EC2F69FB1834E9030032C836 /* CoreGraphics.framework */; };
		EC2F69FE1834E9030032C836 /* UIKit.framework in Frameworks */ = {isa = PBXBuildFile; fileRef = EC2F69FD1834E9030032C836 /* UIKit.framework */; };
		EC2F6A001834E9030032C836 /* SpriteKit.framework in Frameworks */ = {isa = PBXBuildFile; fileRef = EC2F69FF1834E9030032C836 /* SpriteKit.framework */; };
		EC2F6A061834E9030032C836 /* InfoPlist.strings in Resources */ = {isa = PBXBuildFile; fileRef = EC2F6A041834E9030032C836 /* InfoPlist.strings */; };
		EC2F6A081834E9030032C836 /* main.m in Sources */ = {isa = PBXBuildFile; fileRef = EC2F6A071834E9030032C836 /* main.m */; };
		EC2F6A0C1834E9030032C836 /* AppDelegate.m in Sources */ = {isa = PBXBuildFile; fileRef = EC2F6A0B1834E9030032C836 /* AppDelegate.m */; };
		EC2F6A0F1834E9030032C836 /* Main.storyboard in Resources */ = {isa = PBXBuildFile; fileRef = EC2F6A0D1834E9030032C836 /* Main.storyboard */; };
		EC2F6A121834E9030032C836 /* ViewController.m in Sources */ = {isa = PBXBuildFile; fileRef = EC2F6A111834E9030032C836 /* ViewController.m */; };
		EC2F6A151834E9030032C836 /* MyScene.m in Sources */ = {isa = PBXBuildFile; fileRef = EC2F6A141834E9030032C836 /* MyScene.m */; };
		EC2F6A191834E9030032C836 /* Images.xcassets in Resources */ = {isa = PBXBuildFile; fileRef = EC2F6A181834E9030032C836 /* Images.xcassets */; };
		EC2F6A201834E9030032C836 /* XCTest.framework in Frameworks */ = {isa = PBXBuildFile; fileRef = EC2F6A1F1834E9030032C836 /* XCTest.framework */; };
		EC2F6A211834E9030032C836 /* Foundation.framework in Frameworks */ = {isa = PBXBuildFile; fileRef = EC2F69F91834E9030032C836 /* Foundation.framework */; };
		EC2F6A221834E9030032C836 /* UIKit.framework in Frameworks */ = {isa = PBXBuildFile; fileRef = EC2F69FD1834E9030032C836 /* UIKit.framework */; };
		EC2F6A2A1834E9030032C836 /* InfoPlist.strings in Resources */ = {isa = PBXBuildFile; fileRef = EC2F6A281834E9030032C836 /* InfoPlist.strings */; };
		EC2F6A2C1834E9030032C836 /* AloneInTheParkTests.m in Sources */ = {isa = PBXBuildFile; fileRef = EC2F6A2B1834E9030032C836 /* AloneInTheParkTests.m */; };
		EC2F6A381834EAF20032C836 /* player.png in Resources */ = {isa = PBXBuildFile; fileRef = EC2F6A371834EAF20032C836 /* player.png */; };
		EC2F6A42183535290032C836 /* Joystick.m in Sources */ = {isa = PBXBuildFile; fileRef = EC2F6A41183535290032C836 /* Joystick.m */; };
		EC2F6A451835355B0032C836 /* dpad.png in Resources */ = {isa = PBXBuildFile; fileRef = EC2F6A431835355B0032C836 /* dpad.png */; };
		EC2F6A461835355B0032C836 /* joystick.png in Resources */ = {isa = PBXBuildFile; fileRef = EC2F6A441835355B0032C836 /* joystick.png */; };
		EC2F6A48183539210032C836 /* jumpButton.png in Resources */ = {isa = PBXBuildFile; fileRef = EC2F6A47183539210032C836 /* jumpButton.png */; };
		EC668DAF183BD5FF002190AE /* FireParticle.sks in Resources */ = {isa = PBXBuildFile; fileRef = EC668DAD183BD5FF002190AE /* FireParticle.sks */; };
		EC668DB0183BD5FF002190AE /* spark.png in Resources */ = {isa = PBXBuildFile; fileRef = EC668DAE183BD5FF002190AE /* spark.png */; };
		EC668DB5183BD724002190AE /* BoxSpriteNode.m in Sources */ = {isa = PBXBuildFile; fileRef = EC668DB4183BD724002190AE /* BoxSpriteNode.m */; };
		EC668DB9183BE9C6002190AE /* PlayerSpriteNode.m in Sources */ = {isa = PBXBuildFile; fileRef = EC668DB8183BE9C6002190AE /* PlayerSpriteNode.m */; };
		EC92BFBE183F71CA0049FD73 /* MenuScene.m in Sources */ = {isa = PBXBuildFile; fileRef = EC92BFBD183F71CA0049FD73 /* MenuScene.m */; };
		EC92BFC1183F744E0049FD73 /* backgroundMenu.jpg in Resources */ = {isa = PBXBuildFile; fileRef = EC92BFC0183F744E0049FD73 /* backgroundMenu.jpg */; };
		EC92BFC5183F75040049FD73 /* startButton.png in Resources */ = {isa = PBXBuildFile; fileRef = EC92BFC4183F75040049FD73 /* startButton.png */; };
		EC92BFC8183F7BBE0049FD73 /* CastleSprit.jpg in Resources */ = {isa = PBXBuildFile; fileRef = EC92BFC7183F7BBE0049FD73 /* CastleSprit.jpg */; };
		EC92BFCC183F87450049FD73 /* GameOverController.m in Sources */ = {isa = PBXBuildFile; fileRef = EC92BFCB183F87450049FD73 /* GameOverController.m */; };
		EC92BFCE183F87670049FD73 /* gameOver.jpg in Resources */ = {isa = PBXBuildFile; fileRef = EC92BFCD183F87670049FD73 /* gameOver.jpg */; };
		ECA45DA4183B846C00EA8320 /* background.jpg in Resources */ = {isa = PBXBuildFile; fileRef = ECA45DA3183B846C00EA8320 /* background.jpg */; };
		ECA45DA6183B870300EA8320 /* floor.jpg in Resources */ = {isa = PBXBuildFile; fileRef = ECA45DA5183B870300EA8320 /* floor.jpg */; };
		ECA45DAD183B8EB500EA8320 /* player5.png in Resources */ = {isa = PBXBuildFile; fileRef = ECA45DA7183B8EB500EA8320 /* player5.png */; };
		ECA45DAE183B8EB500EA8320 /* player4.png in Resources */ = {isa = PBXBuildFile; fileRef = ECA45DA8183B8EB500EA8320 /* player4.png */; };
		ECA45DAF183B8EB500EA8320 /* player3.png in Resources */ = {isa = PBXBuildFile; fileRef = ECA45DA9183B8EB500EA8320 /* player3.png */; };
		ECA45DB0183B8EB500EA8320 /* player2.png in Resources */ = {isa = PBXBuildFile; fileRef = ECA45DAA183B8EB500EA8320 /* player2.png */; };
		ECA45DB1183B8EB500EA8320 /* player1.png in Resources */ = {isa = PBXBuildFile; fileRef = ECA45DAB183B8EB500EA8320 /* player1.png */; };
		ECA45DB2183B8EB500EA8320 /* player0.png in Resources */ = {isa = PBXBuildFile; fileRef = ECA45DAC183B8EB500EA8320 /* player0.png */; };
		ECD2549A183E6C8300AD8111 /* jump_04.png in Resources */ = {isa = PBXBuildFile; fileRef = ECD25493183E6C8300AD8111 /* jump_04.png */; };
		ECD2549B183E6C8300AD8111 /* jump_03.png in Resources */ = {isa = PBXBuildFile; fileRef = ECD25494183E6C8300AD8111 /* jump_03.png */; };
		ECD2549C183E6C8300AD8111 /* jump_02.png in Resources */ = {isa = PBXBuildFile; fileRef = ECD25495183E6C8300AD8111 /* jump_02.png */; };
		ECD2549D183E6C8300AD8111 /* jump_01.png in Resources */ = {isa = PBXBuildFile; fileRef = ECD25496183E6C8300AD8111 /* jump_01.png */; };
		ECD2549E183E6C8300AD8111 /* jump_05.png in Resources */ = {isa = PBXBuildFile; fileRef = ECD25497183E6C8300AD8111 /* jump_05.png */; };
		ECD2549F183E6C8300AD8111 /* jump_07.png in Resources */ = {isa = PBXBuildFile; fileRef = ECD25498183E6C8300AD8111 /* jump_07.png */; };
		ECD254A0183E6C8300AD8111 /* jump_06.png in Resources */ = {isa = PBXBuildFile; fileRef = ECD25499183E6C8300AD8111 /* jump_06.png */; };
		ECD254A2183E6EB900AD8111 /* FloorButton.png in Resources */ = {isa = PBXBuildFile; fileRef = ECD254A1183E6EB900AD8111 /* FloorButton.png */; };
		ECD254A6183E70AA00AD8111 /* FloorButtonSpriteNode.m in Sources */ = {isa = PBXBuildFile; fileRef = ECD254A5183E70AA00AD8111 /* FloorButtonSpriteNode.m */; };
		ECD254A8183E72FB00AD8111 /* bridge.jpg in Resources */ = {isa = PBXBuildFile; fileRef = ECD254A7183E72FB00AD8111 /* bridge.jpg */; };
		ECEE439F183BC746003C6434 /* box.jpg in Resources */ = {isa = PBXBuildFile; fileRef = ECEE439E183BC746003C6434 /* box.jpg */; };
/* End PBXBuildFile section */

/* Begin PBXContainerItemProxy section */
		EC2F6A231834E9030032C836 /* PBXContainerItemProxy */ = {
			isa = PBXContainerItemProxy;
			containerPortal = EC2F69EE1834E9030032C836 /* Project object */;
			proxyType = 1;
			remoteGlobalIDString = EC2F69F51834E9030032C836;
			remoteInfo = AloneInThePark;
		};
/* End PBXContainerItemProxy section */

/* Begin PBXFileReference section */
		EC1201641846139E00BECD79 /* bg.png */ = {isa = PBXFileReference; lastKnownFileType = image.png; path = bg.png; sourceTree = "<group>"; };
		EC12016A18463C2000BECD79 /* bg2.png */ = {isa = PBXFileReference; lastKnownFileType = image.png; path = bg2.png; sourceTree = "<group>"; };
		EC12016C18463C7F00BECD79 /* stones.png */ = {isa = PBXFileReference; lastKnownFileType = image.png; path = stones.png; sourceTree = "<group>"; };
		EC12016E18463D3500BECD79 /* scenario.png */ = {isa = PBXFileReference; lastKnownFileType = image.png; path = scenario.png; sourceTree = "<group>"; };
		EC2F69F61834E9030032C836 /* AloneInThePark.app */ = {isa = PBXFileReference; explicitFileType = wrapper.application; includeInIndex = 0; path = AloneInThePark.app; sourceTree = BUILT_PRODUCTS_DIR; };
		EC2F69F91834E9030032C836 /* Foundation.framework */ = {isa = PBXFileReference; lastKnownFileType = wrapper.framework; name = Foundation.framework; path = System/Library/Frameworks/Foundation.framework; sourceTree = SDKROOT; };
		EC2F69FB1834E9030032C836 /* CoreGraphics.framework */ = {isa = PBXFileReference; lastKnownFileType = wrapper.framework; name = CoreGraphics.framework; path = System/Library/Frameworks/CoreGraphics.framework; sourceTree = SDKROOT; };
		EC2F69FD1834E9030032C836 /* UIKit.framework */ = {isa = PBXFileReference; lastKnownFileType = wrapper.framework; name = UIKit.framework; path = System/Library/Frameworks/UIKit.framework; sourceTree = SDKROOT; };
		EC2F69FF1834E9030032C836 /* SpriteKit.framework */ = {isa = PBXFileReference; lastKnownFileType = wrapper.framework; name = SpriteKit.framework; path = System/Library/Frameworks/SpriteKit.framework; sourceTree = SDKROOT; };
		EC2F6A031834E9030032C836 /* AloneInThePark-Info.plist */ = {isa = PBXFileReference; lastKnownFileType = text.plist.xml; path = "AloneInThePark-Info.plist"; sourceTree = "<group>"; };
		EC2F6A051834E9030032C836 /* en */ = {isa = PBXFileReference; lastKnownFileType = text.plist.strings; name = en; path = en.lproj/InfoPlist.strings; sourceTree = "<group>"; };
		EC2F6A071834E9030032C836 /* main.m */ = {isa = PBXFileReference; lastKnownFileType = sourcecode.c.objc; path = main.m; sourceTree = "<group>"; };
		EC2F6A091834E9030032C836 /* AloneInThePark-Prefix.pch */ = {isa = PBXFileReference; lastKnownFileType = sourcecode.c.h; path = "AloneInThePark-Prefix.pch"; sourceTree = "<group>"; };
		EC2F6A0A1834E9030032C836 /* AppDelegate.h */ = {isa = PBXFileReference; lastKnownFileType = sourcecode.c.h; path = AppDelegate.h; sourceTree = "<group>"; };
		EC2F6A0B1834E9030032C836 /* AppDelegate.m */ = {isa = PBXFileReference; lastKnownFileType = sourcecode.c.objc; path = AppDelegate.m; sourceTree = "<group>"; };
		EC2F6A0E1834E9030032C836 /* Base */ = {isa = PBXFileReference; lastKnownFileType = file.storyboard; name = Base; path = Base.lproj/Main.storyboard; sourceTree = "<group>"; };
		EC2F6A101834E9030032C836 /* ViewController.h */ = {isa = PBXFileReference; lastKnownFileType = sourcecode.c.h; path = ViewController.h; sourceTree = "<group>"; };
		EC2F6A111834E9030032C836 /* ViewController.m */ = {isa = PBXFileReference; lastKnownFileType = sourcecode.c.objc; path = ViewController.m; sourceTree = "<group>"; };
		EC2F6A131834E9030032C836 /* MyScene.h */ = {isa = PBXFileReference; lastKnownFileType = sourcecode.c.h; path = MyScene.h; sourceTree = "<group>"; };
		EC2F6A141834E9030032C836 /* MyScene.m */ = {isa = PBXFileReference; lastKnownFileType = sourcecode.c.objc; path = MyScene.m; sourceTree = "<group>"; };
		EC2F6A181834E9030032C836 /* Images.xcassets */ = {isa = PBXFileReference; lastKnownFileType = folder.assetcatalog; path = Images.xcassets; sourceTree = "<group>"; };
		EC2F6A1E1834E9030032C836 /* AloneInTheParkTests.xctest */ = {isa = PBXFileReference; explicitFileType = wrapper.cfbundle; includeInIndex = 0; path = AloneInTheParkTests.xctest; sourceTree = BUILT_PRODUCTS_DIR; };
		EC2F6A1F1834E9030032C836 /* XCTest.framework */ = {isa = PBXFileReference; lastKnownFileType = wrapper.framework; name = XCTest.framework; path = Library/Frameworks/XCTest.framework; sourceTree = DEVELOPER_DIR; };
		EC2F6A271834E9030032C836 /* AloneInTheParkTests-Info.plist */ = {isa = PBXFileReference; lastKnownFileType = text.plist.xml; path = "AloneInTheParkTests-Info.plist"; sourceTree = "<group>"; };
		EC2F6A291834E9030032C836 /* en */ = {isa = PBXFileReference; lastKnownFileType = text.plist.strings; name = en; path = en.lproj/InfoPlist.strings; sourceTree = "<group>"; };
		EC2F6A2B1834E9030032C836 /* AloneInTheParkTests.m */ = {isa = PBXFileReference; lastKnownFileType = sourcecode.c.objc; path = AloneInTheParkTests.m; sourceTree = "<group>"; };
		EC2F6A371834EAF20032C836 /* player.png */ = {isa = PBXFileReference; lastKnownFileType = image.png; path = player.png; sourceTree = "<group>"; };
		EC2F6A40183535290032C836 /* Joystick.h */ = {isa = PBXFileReference; fileEncoding = 4; lastKnownFileType = sourcecode.c.h; path = Joystick.h; sourceTree = "<group>"; };
		EC2F6A41183535290032C836 /* Joystick.m */ = {isa = PBXFileReference; fileEncoding = 4; lastKnownFileType = sourcecode.c.objc; path = Joystick.m; sourceTree = "<group>"; };
		EC2F6A431835355B0032C836 /* dpad.png */ = {isa = PBXFileReference; lastKnownFileType = image.png; path = dpad.png; sourceTree = "<group>"; };
		EC2F6A441835355B0032C836 /* joystick.png */ = {isa = PBXFileReference; lastKnownFileType = image.png; path = joystick.png; sourceTree = "<group>"; };
		EC2F6A47183539210032C836 /* jumpButton.png */ = {isa = PBXFileReference; lastKnownFileType = image.png; path = jumpButton.png; sourceTree = "<group>"; };
		EC668DAD183BD5FF002190AE /* FireParticle.sks */ = {isa = PBXFileReference; lastKnownFileType = file.sks; path = FireParticle.sks; sourceTree = "<group>"; };
		EC668DAE183BD5FF002190AE /* spark.png */ = {isa = PBXFileReference; lastKnownFileType = image.png; path = spark.png; sourceTree = "<group>"; };
		EC668DB3183BD724002190AE /* BoxSpriteNode.h */ = {isa = PBXFileReference; fileEncoding = 4; lastKnownFileType = sourcecode.c.h; path = BoxSpriteNode.h; sourceTree = "<group>"; };
		EC668DB4183BD724002190AE /* BoxSpriteNode.m */ = {isa = PBXFileReference; fileEncoding = 4; lastKnownFileType = sourcecode.c.objc; path = BoxSpriteNode.m; sourceTree = "<group>"; };
		EC668DB7183BE9C6002190AE /* PlayerSpriteNode.h */ = {isa = PBXFileReference; fileEncoding = 4; lastKnownFileType = sourcecode.c.h; path = PlayerSpriteNode.h; sourceTree = "<group>"; };
		EC668DB8183BE9C6002190AE /* PlayerSpriteNode.m */ = {isa = PBXFileReference; fileEncoding = 4; lastKnownFileType = sourcecode.c.objc; path = PlayerSpriteNode.m; sourceTree = "<group>"; };
		EC92BFBC183F71CA0049FD73 /* MenuScene.h */ = {isa = PBXFileReference; fileEncoding = 4; lastKnownFileType = sourcecode.c.h; path = MenuScene.h; sourceTree = "<group>"; };
		EC92BFBD183F71CA0049FD73 /* MenuScene.m */ = {isa = PBXFileReference; fileEncoding = 4; lastKnownFileType = sourcecode.c.objc; path = MenuScene.m; sourceTree = "<group>"; };
		EC92BFC0183F744E0049FD73 /* backgroundMenu.jpg */ = {isa = PBXFileReference; lastKnownFileType = image.jpeg; path = backgroundMenu.jpg; sourceTree = "<group>"; };
		EC92BFC4183F75040049FD73 /* startButton.png */ = {isa = PBXFileReference; lastKnownFileType = image.png; path = startButton.png; sourceTree = "<group>"; };
		EC92BFC7183F7BBE0049FD73 /* CastleSprit.jpg */ = {isa = PBXFileReference; lastKnownFileType = image.jpeg; path = CastleSprit.jpg; sourceTree = "<group>"; };
		EC92BFCA183F87450049FD73 /* GameOverController.h */ = {isa = PBXFileReference; fileEncoding = 4; lastKnownFileType = sourcecode.c.h; path = GameOverController.h; sourceTree = "<group>"; };
		EC92BFCB183F87450049FD73 /* GameOverController.m */ = {isa = PBXFileReference; fileEncoding = 4; lastKnownFileType = sourcecode.c.objc; path = GameOverController.m; sourceTree = "<group>"; };
		EC92BFCD183F87670049FD73 /* gameOver.jpg */ = {isa = PBXFileReference; lastKnownFileType = image.jpeg; path = gameOver.jpg; sourceTree = "<group>"; };
		ECA45DA3183B846C00EA8320 /* background.jpg */ = {isa = PBXFileReference; lastKnownFileType = image.jpeg; path = background.jpg; sourceTree = "<group>"; };
		ECA45DA5183B870300EA8320 /* floor.jpg */ = {isa = PBXFileReference; lastKnownFileType = image.jpeg; path = floor.jpg; sourceTree = "<group>"; };
		ECA45DA7183B8EB500EA8320 /* player5.png */ = {isa = PBXFileReference; lastKnownFileType = image.png; path = player5.png; sourceTree = "<group>"; };
		ECA45DA8183B8EB500EA8320 /* player4.png */ = {isa = PBXFileReference; lastKnownFileType = image.png; path = player4.png; sourceTree = "<group>"; };
		ECA45DA9183B8EB500EA8320 /* player3.png */ = {isa = PBXFileReference; lastKnownFileType = image.png; path = player3.png; sourceTree = "<group>"; };
		ECA45DAA183B8EB500EA8320 /* player2.png */ = {isa = PBXFileReference; lastKnownFileType = image.png; path = player2.png; sourceTree = "<group>"; };
		ECA45DAB183B8EB500EA8320 /* player1.png */ = {isa = PBXFileReference; lastKnownFileType = image.png; path = player1.png; sourceTree = "<group>"; };
		ECA45DAC183B8EB500EA8320 /* player0.png */ = {isa = PBXFileReference; lastKnownFileType = image.png; path = player0.png; sourceTree = "<group>"; };
		ECD25493183E6C8300AD8111 /* jump_04.png */ = {isa = PBXFileReference; lastKnownFileType = image.png; path = jump_04.png; sourceTree = "<group>"; };
		ECD25494183E6C8300AD8111 /* jump_03.png */ = {isa = PBXFileReference; lastKnownFileType = image.png; path = jump_03.png; sourceTree = "<group>"; };
		ECD25495183E6C8300AD8111 /* jump_02.png */ = {isa = PBXFileReference; lastKnownFileType = image.png; path = jump_02.png; sourceTree = "<group>"; };
		ECD25496183E6C8300AD8111 /* jump_01.png */ = {isa = PBXFileReference; lastKnownFileType = image.png; path = jump_01.png; sourceTree = "<group>"; };
		ECD25497183E6C8300AD8111 /* jump_05.png */ = {isa = PBXFileReference; lastKnownFileType = image.png; path = jump_05.png; sourceTree = "<group>"; };
		ECD25498183E6C8300AD8111 /* jump_07.png */ = {isa = PBXFileReference; lastKnownFileType = image.png; path = jump_07.png; sourceTree = "<group>"; };
		ECD25499183E6C8300AD8111 /* jump_06.png */ = {isa = PBXFileReference; lastKnownFileType = image.png; path = jump_06.png; sourceTree = "<group>"; };
		ECD254A1183E6EB900AD8111 /* FloorButton.png */ = {isa = PBXFileReference; lastKnownFileType = image.png; path = FloorButton.png; sourceTree = "<group>"; };
		ECD254A4183E70AA00AD8111 /* FloorButtonSpriteNode.h */ = {isa = PBXFileReference; fileEncoding = 4; lastKnownFileType = sourcecode.c.h; path = FloorButtonSpriteNode.h; sourceTree = "<group>"; };
		ECD254A5183E70AA00AD8111 /* FloorButtonSpriteNode.m */ = {isa = PBXFileReference; fileEncoding = 4; lastKnownFileType = sourcecode.c.objc; path = FloorButtonSpriteNode.m; sourceTree = "<group>"; };
		ECD254A7183E72FB00AD8111 /* bridge.jpg */ = {isa = PBXFileReference; lastKnownFileType = image.jpeg; path = bridge.jpg; sourceTree = "<group>"; };
		ECEE439E183BC746003C6434 /* box.jpg */ = {isa = PBXFileReference; lastKnownFileType = image.jpeg; path = box.jpg; sourceTree = "<group>"; };
/* End PBXFileReference section */

/* Begin PBXFrameworksBuildPhase section */
		EC2F69F31834E9030032C836 /* Frameworks */ = {
			isa = PBXFrameworksBuildPhase;
			buildActionMask = 2147483647;
			files = (
				EC2F69FC1834E9030032C836 /* CoreGraphics.framework in Frameworks */,
				EC2F69FE1834E9030032C836 /* UIKit.framework in Frameworks */,
				EC2F6A001834E9030032C836 /* SpriteKit.framework in Frameworks */,
				EC2F69FA1834E9030032C836 /* Foundation.framework in Frameworks */,
			);
			runOnlyForDeploymentPostprocessing = 0;
		};
		EC2F6A1B1834E9030032C836 /* Frameworks */ = {
			isa = PBXFrameworksBuildPhase;
			buildActionMask = 2147483647;
			files = (
				EC2F6A201834E9030032C836 /* XCTest.framework in Frameworks */,
				EC2F6A221834E9030032C836 /* UIKit.framework in Frameworks */,
				EC2F6A211834E9030032C836 /* Foundation.framework in Frameworks */,
			);
			runOnlyForDeploymentPostprocessing = 0;
		};
/* End PBXFrameworksBuildPhase section */

/* Begin PBXGroup section */
		EC1201611846138F00BECD79 /* Background */ = {
			isa = PBXGroup;
			children = (
				EC12016E18463D3500BECD79 /* scenario.png */,
				ECA45DA3183B846C00EA8320 /* background.jpg */,
				EC1201641846139E00BECD79 /* bg.png */,
				EC12016A18463C2000BECD79 /* bg2.png */,
				EC12016C18463C7F00BECD79 /* stones.png */,
			);
			name = Background;
			sourceTree = "<group>";
		};
		EC2F69ED1834E9030032C836 = {
			isa = PBXGroup;
			children = (
				EC2F6A011834E9030032C836 /* AloneInThePark */,
				EC2F6A251834E9030032C836 /* AloneInTheParkTests */,
				EC2F69F81834E9030032C836 /* Frameworks */,
				EC2F69F71834E9030032C836 /* Products */,
			);
			sourceTree = "<group>";
		};
		EC2F69F71834E9030032C836 /* Products */ = {
			isa = PBXGroup;
			children = (
				EC2F69F61834E9030032C836 /* AloneInThePark.app */,
				EC2F6A1E1834E9030032C836 /* AloneInTheParkTests.xctest */,
			);
			name = Products;
			sourceTree = "<group>";
		};
		EC2F69F81834E9030032C836 /* Frameworks */ = {
			isa = PBXGroup;
			children = (
				EC2F69F91834E9030032C836 /* Foundation.framework */,
				EC2F69FB1834E9030032C836 /* CoreGraphics.framework */,
				EC2F69FD1834E9030032C836 /* UIKit.framework */,
				EC2F69FF1834E9030032C836 /* SpriteKit.framework */,
				EC2F6A1F1834E9030032C836 /* XCTest.framework */,
			);
			name = Frameworks;
			sourceTree = "<group>";
		};
		EC2F6A011834E9030032C836 /* AloneInThePark */ = {
			isa = PBXGroup;
			children = (
				EC668DB1183BD6FB002190AE /* GameContents */,
				EC92525B1835419A0033D289 /* Controller */,
				EC92525A183540DE0033D289 /* Scenes */,
				EC2F6A0A1834E9030032C836 /* AppDelegate.h */,
				EC2F6A0B1834E9030032C836 /* AppDelegate.m */,
				EC2F6A0D1834E9030032C836 /* Main.storyboard */,
				EC2F6A181834E9030032C836 /* Images.xcassets */,
				EC2F6A021834E9030032C836 /* Supporting Files */,
				EC668DAD183BD5FF002190AE /* FireParticle.sks */,
				EC668DAE183BD5FF002190AE /* spark.png */,
			);
			path = AloneInThePark;
			sourceTree = "<group>";
		};
		EC2F6A021834E9030032C836 /* Supporting Files */ = {
			isa = PBXGroup;
			children = (
				EC92BFC2183F744F0049FD73 /* Images */,
				EC2F6A031834E9030032C836 /* AloneInThePark-Info.plist */,
				EC2F6A041834E9030032C836 /* InfoPlist.strings */,
				EC2F6A071834E9030032C836 /* main.m */,
				EC2F6A091834E9030032C836 /* AloneInThePark-Prefix.pch */,
			);
			name = "Supporting Files";
			sourceTree = "<group>";
		};
		EC2F6A251834E9030032C836 /* AloneInTheParkTests */ = {
			isa = PBXGroup;
			children = (
				EC2F6A2B1834E9030032C836 /* AloneInTheParkTests.m */,
				EC2F6A261834E9030032C836 /* Supporting Files */,
			);
			path = AloneInTheParkTests;
			sourceTree = "<group>";
		};
		EC2F6A261834E9030032C836 /* Supporting Files */ = {
			isa = PBXGroup;
			children = (
				EC2F6A271834E9030032C836 /* AloneInTheParkTests-Info.plist */,
				EC2F6A281834E9030032C836 /* InfoPlist.strings */,
			);
			name = "Supporting Files";
			sourceTree = "<group>";
		};
		EC668DB1183BD6FB002190AE /* GameContents */ = {
			isa = PBXGroup;
			children = (
				ECD254A3183E709A00AD8111 /* FloorButton */,
				EC668DB6183BE9B1002190AE /* Player */,
				EC668DB2183BD70C002190AE /* Box */,
			);
			name = GameContents;
			sourceTree = "<group>";
		};
		EC668DB2183BD70C002190AE /* Box */ = {
			isa = PBXGroup;
			children = (
				EC668DB3183BD724002190AE /* BoxSpriteNode.h */,
				EC668DB4183BD724002190AE /* BoxSpriteNode.m */,
			);
			name = Box;
			sourceTree = "<group>";
		};
		EC668DB6183BE9B1002190AE /* Player */ = {
			isa = PBXGroup;
			children = (
				EC668DB7183BE9C6002190AE /* PlayerSpriteNode.h */,
				EC668DB8183BE9C6002190AE /* PlayerSpriteNode.m */,
			);
			name = Player;
			sourceTree = "<group>";
		};
		EC925259183540D20033D289 /* JoystickController */ = {
			isa = PBXGroup;
			children = (
				EC2F6A40183535290032C836 /* Joystick.h */,
				EC2F6A41183535290032C836 /* Joystick.m */,
			);
			name = JoystickController;
			sourceTree = "<group>";
		};
		EC92525A183540DE0033D289 /* Scenes */ = {
			isa = PBXGroup;
			children = (
				EC92BFBB183F71B40049FD73 /* MenuScene */,
				EC92BFBA183F71AA0049FD73 /* GameScene */,
			);
			name = Scenes;
			sourceTree = "<group>";
		};
		EC92525B1835419A0033D289 /* Controller */ = {
			isa = PBXGroup;
			children = (
				EC92BFC9183F87340049FD73 /* GameOver */,
				EC92BFC6183F7B170049FD73 /* PadController */,
				EC92525C183541AE0033D289 /* ViewController */,
				EC925259183540D20033D289 /* JoystickController */,
			);
			name = Controller;
			sourceTree = "<group>";
		};
		EC92525C183541AE0033D289 /* ViewController */ = {
			isa = PBXGroup;
			children = (
				EC2F6A101834E9030032C836 /* ViewController.h */,
				EC2F6A111834E9030032C836 /* ViewController.m */,
			);
			name = ViewController;
			sourceTree = "<group>";
		};
		EC92525D183541FD0033D289 /* JoystickAssets */ = {
			isa = PBXGroup;
			children = (
				EC2F6A47183539210032C836 /* jumpButton.png */,
				EC2F6A431835355B0032C836 /* dpad.png */,
				EC2F6A441835355B0032C836 /* joystick.png */,
			);
			name = JoystickAssets;
			sourceTree = "<group>";
		};
		EC92525E183542090033D289 /* PlayerAssets */ = {
			isa = PBXGroup;
			children = (
				ECD25484183E6B6A00AD8111 /* Jump */,
				ECD25483183E6B6700AD8111 /* Walk */,
			);
			name = PlayerAssets;
			sourceTree = "<group>";
		};
		EC92BFBA183F71AA0049FD73 /* GameScene */ = {
			isa = PBXGroup;
			children = (
				EC2F6A131834E9030032C836 /* MyScene.h */,
				EC2F6A141834E9030032C836 /* MyScene.m */,
			);
			name = GameScene;
			sourceTree = "<group>";
		};
		EC92BFBB183F71B40049FD73 /* MenuScene */ = {
			isa = PBXGroup;
			children = (
				EC92BFBC183F71CA0049FD73 /* MenuScene.h */,
				EC92BFBD183F71CA0049FD73 /* MenuScene.m */,
			);
			name = MenuScene;
			sourceTree = "<group>";
		};
		EC92BFBF183F74470049FD73 /* Menu */ = {
			isa = PBXGroup;
			children = (
				EC92BFCD183F87670049FD73 /* gameOver.jpg */,
				EC92BFC0183F744E0049FD73 /* backgroundMenu.jpg */,
				EC92BFC4183F75040049FD73 /* startButton.png */,
			);
			name = Menu;
			sourceTree = "<group>";
		};
		EC92BFC2183F744F0049FD73 /* Images */ = {
			isa = PBXGroup;
			children = (
				EC92BFBF183F74470049FD73 /* Menu */,
				ECA45DA0183B837100EA8320 /* Scenario */,
				EC92525E183542090033D289 /* PlayerAssets */,
				EC92525D183541FD0033D289 /* JoystickAssets */,
			);
			name = Images;
			sourceTree = "<group>";
		};
		EC92BFC3183F74750049FD73 /* GameObjects */ = {
			isa = PBXGroup;
			children = (
				ECEE439E183BC746003C6434 /* box.jpg */,
				ECD254A7183E72FB00AD8111 /* bridge.jpg */,
				ECD254A1183E6EB900AD8111 /* FloorButton.png */,
			);
			name = GameObjects;
			sourceTree = "<group>";
		};
		EC92BFC6183F7B170049FD73 /* PadController */ = {
			isa = PBXGroup;
			children = (
			);
			name = PadController;
			sourceTree = "<group>";
		};
		EC92BFC9183F87340049FD73 /* GameOver */ = {
			isa = PBXGroup;
			children = (
				EC92BFCA183F87450049FD73 /* GameOverController.h */,
				EC92BFCB183F87450049FD73 /* GameOverController.m */,
			);
			name = GameOver;
			sourceTree = "<group>";
		};
		ECA45DA0183B837100EA8320 /* Scenario */ = {
			isa = PBXGroup;
			children = (
				EC1201611846138F00BECD79 /* Background */,
				EC92BFC7183F7BBE0049FD73 /* CastleSprit.jpg */,
				EC92BFC3183F74750049FD73 /* GameObjects */,
				ECA45DA5183B870300EA8320 /* floor.jpg */,
			);
			name = Scenario;
			sourceTree = "<group>";
		};
		ECD25483183E6B6700AD8111 /* Walk */ = {
			isa = PBXGroup;
			children = (
				ECA45DA7183B8EB500EA8320 /* player5.png */,
				ECA45DA8183B8EB500EA8320 /* player4.png */,
				ECA45DA9183B8EB500EA8320 /* player3.png */,
				ECA45DAA183B8EB500EA8320 /* player2.png */,
				ECA45DAB183B8EB500EA8320 /* player1.png */,
				ECA45DAC183B8EB500EA8320 /* player0.png */,
				EC2F6A371834EAF20032C836 /* player.png */,
			);
			name = Walk;
			sourceTree = "<group>";
		};
		ECD25484183E6B6A00AD8111 /* Jump */ = {
			isa = PBXGroup;
			children = (
				ECD25493183E6C8300AD8111 /* jump_04.png */,
				ECD25494183E6C8300AD8111 /* jump_03.png */,
				ECD25495183E6C8300AD8111 /* jump_02.png */,
				ECD25496183E6C8300AD8111 /* jump_01.png */,
				ECD25497183E6C8300AD8111 /* jump_05.png */,
				ECD25498183E6C8300AD8111 /* jump_07.png */,
				ECD25499183E6C8300AD8111 /* jump_06.png */,
			);
			name = Jump;
			sourceTree = "<group>";
		};
		ECD254A3183E709A00AD8111 /* FloorButton */ = {
			isa = PBXGroup;
			children = (
				ECD254A4183E70AA00AD8111 /* FloorButtonSpriteNode.h */,
				ECD254A5183E70AA00AD8111 /* FloorButtonSpriteNode.m */,
			);
			name = FloorButton;
			sourceTree = "<group>";
		};
/* End PBXGroup section */

/* Begin PBXNativeTarget section */
		EC2F69F51834E9030032C836 /* AloneInThePark */ = {
			isa = PBXNativeTarget;
			buildConfigurationList = EC2F6A2F1834E9030032C836 /* Build configuration list for PBXNativeTarget "AloneInThePark" */;
			buildPhases = (
				EC2F69F21834E9030032C836 /* Sources */,
				EC2F69F31834E9030032C836 /* Frameworks */,
				EC2F69F41834E9030032C836 /* Resources */,
			);
			buildRules = (
			);
			dependencies = (
			);
			name = AloneInThePark;
			productName = AloneInThePark;
			productReference = EC2F69F61834E9030032C836 /* AloneInThePark.app */;
			productType = "com.apple.product-type.application";
		};
		EC2F6A1D1834E9030032C836 /* AloneInTheParkTests */ = {
			isa = PBXNativeTarget;
			buildConfigurationList = EC2F6A321834E9030032C836 /* Build configuration list for PBXNativeTarget "AloneInTheParkTests" */;
			buildPhases = (
				EC2F6A1A1834E9030032C836 /* Sources */,
				EC2F6A1B1834E9030032C836 /* Frameworks */,
				EC2F6A1C1834E9030032C836 /* Resources */,
			);
			buildRules = (
			);
			dependencies = (
				EC2F6A241834E9030032C836 /* PBXTargetDependency */,
			);
			name = AloneInTheParkTests;
			productName = AloneInTheParkTests;
			productReference = EC2F6A1E1834E9030032C836 /* AloneInTheParkTests.xctest */;
			productType = "com.apple.product-type.bundle.unit-test";
		};
/* End PBXNativeTarget section */

/* Begin PBXProject section */
		EC2F69EE1834E9030032C836 /* Project object */ = {
			isa = PBXProject;
			attributes = {
				LastUpgradeCheck = 0500;
				ORGANIZATIONNAME = "Elton Mendes Vieira Junior";
				TargetAttributes = {
					EC2F6A1D1834E9030032C836 = {
						TestTargetID = EC2F69F51834E9030032C836;
					};
				};
			};
			buildConfigurationList = EC2F69F11834E9030032C836 /* Build configuration list for PBXProject "AloneInThePark" */;
			compatibilityVersion = "Xcode 3.2";
			developmentRegion = English;
			hasScannedForEncodings = 0;
			knownRegions = (
				en,
				Base,
			);
			mainGroup = EC2F69ED1834E9030032C836;
			productRefGroup = EC2F69F71834E9030032C836 /* Products */;
			projectDirPath = "";
			projectRoot = "";
			targets = (
				EC2F69F51834E9030032C836 /* AloneInThePark */,
				EC2F6A1D1834E9030032C836 /* AloneInTheParkTests */,
			);
		};
/* End PBXProject section */

/* Begin PBXResourcesBuildPhase section */
		EC2F69F41834E9030032C836 /* Resources */ = {
			isa = PBXResourcesBuildPhase;
			buildActionMask = 2147483647;
			files = (
				ECA45DA4183B846C00EA8320 /* background.jpg in Resources */,
				ECD254A0183E6C8300AD8111 /* jump_06.png in Resources */,
				ECD2549B183E6C8300AD8111 /* jump_03.png in Resources */,
				EC1201671846139E00BECD79 /* bg.png in Resources */,
				EC2F6A061834E9030032C836 /* InfoPlist.strings in Resources */,
				EC2F6A48183539210032C836 /* jumpButton.png in Resources */,
				ECA45DB1183B8EB500EA8320 /* player1.png in Resources */,
				EC668DAF183BD5FF002190AE /* FireParticle.sks in Resources */,
				ECA45DAE183B8EB500EA8320 /* player4.png in Resources */,
				ECD2549C183E6C8300AD8111 /* jump_02.png in Resources */,
				EC668DB0183BD5FF002190AE /* spark.png in Resources */,
				ECD2549F183E6C8300AD8111 /* jump_07.png in Resources */,
				ECA45DA6183B870300EA8320 /* floor.jpg in Resources */,
				EC2F6A381834EAF20032C836 /* player.png in Resources */,
				ECD254A8183E72FB00AD8111 /* bridge.jpg in Resources */,
				EC12016F18463D3500BECD79 /* scenario.png in Resources */,
				ECA45DB0183B8EB500EA8320 /* player2.png in Resources */,
				EC12016D18463C7F00BECD79 /* stones.png in Resources */,
				EC2F6A451835355B0032C836 /* dpad.png in Resources */,
				EC92BFCE183F87670049FD73 /* gameOver.jpg in Resources */,
				EC92BFC8183F7BBE0049FD73 /* CastleSprit.jpg in Resources */,
				ECD2549D183E6C8300AD8111 /* jump_01.png in Resources */,
				ECEE439F183BC746003C6434 /* box.jpg in Resources */,
				EC92BFC1183F744E0049FD73 /* backgroundMenu.jpg in Resources */,
				EC92BFC5183F75040049FD73 /* startButton.png in Resources */,
				ECD254A2183E6EB900AD8111 /* FloorButton.png in Resources */,
				ECA45DAF183B8EB500EA8320 /* player3.png in Resources */,
				ECA45DB2183B8EB500EA8320 /* player0.png in Resources */,
				EC2F6A191834E9030032C836 /* Images.xcassets in Resources */,
				EC2F6A0F1834E9030032C836 /* Main.storyboard in Resources */,
				ECD2549A183E6C8300AD8111 /* jump_04.png in Resources */,
				ECA45DAD183B8EB500EA8320 /* player5.png in Resources */,
				EC12016B18463C2000BECD79 /* bg2.png in Resources */,
				ECD2549E183E6C8300AD8111 /* jump_05.png in Resources */,
				EC2F6A461835355B0032C836 /* joystick.png in Resources */,
			);
			runOnlyForDeploymentPostprocessing = 0;
		};
		EC2F6A1C1834E9030032C836 /* Resources */ = {
			isa = PBXResourcesBuildPhase;
			buildActionMask = 2147483647;
			files = (
				EC2F6A2A1834E9030032C836 /* InfoPlist.strings in Resources */,
			);
			runOnlyForDeploymentPostprocessing = 0;
		};
/* End PBXResourcesBuildPhase section */

/* Begin PBXSourcesBuildPhase section */
		EC2F69F21834E9030032C836 /* Sources */ = {
			isa = PBXSourcesBuildPhase;
			buildActionMask = 2147483647;
			files = (
				EC2F6A42183535290032C836 /* Joystick.m in Sources */,
				EC2F6A151834E9030032C836 /* MyScene.m in Sources */,
				EC2F6A121834E9030032C836 /* ViewController.m in Sources */,
				EC2F6A0C1834E9030032C836 /* AppDelegate.m in Sources */,
				EC668DB5183BD724002190AE /* BoxSpriteNode.m in Sources */,
				ECD254A6183E70AA00AD8111 /* FloorButtonSpriteNode.m in Sources */,
				EC92BFBE183F71CA0049FD73 /* MenuScene.m in Sources */,
				EC668DB9183BE9C6002190AE /* PlayerSpriteNode.m in Sources */,
				EC2F6A081834E9030032C836 /* main.m in Sources */,
				EC92BFCC183F87450049FD73 /* GameOverController.m in Sources */,
			);
			runOnlyForDeploymentPostprocessing = 0;
		};
		EC2F6A1A1834E9030032C836 /* Sources */ = {
			isa = PBXSourcesBuildPhase;
			buildActionMask = 2147483647;
			files = (
				EC2F6A2C1834E9030032C836 /* AloneInTheParkTests.m in Sources */,
			);
			runOnlyForDeploymentPostprocessing = 0;
		};
/* End PBXSourcesBuildPhase section */

/* Begin PBXTargetDependency section */
		EC2F6A241834E9030032C836 /* PBXTargetDependency */ = {
			isa = PBXTargetDependency;
			target = EC2F69F51834E9030032C836 /* AloneInThePark */;
			targetProxy = EC2F6A231834E9030032C836 /* PBXContainerItemProxy */;
		};
/* End PBXTargetDependency section */

/* Begin PBXVariantGroup section */
		EC2F6A041834E9030032C836 /* InfoPlist.strings */ = {
			isa = PBXVariantGroup;
			children = (
				EC2F6A051834E9030032C836 /* en */,
			);
			name = InfoPlist.strings;
			sourceTree = "<group>";
		};
		EC2F6A0D1834E9030032C836 /* Main.storyboard */ = {
			isa = PBXVariantGroup;
			children = (
				EC2F6A0E1834E9030032C836 /* Base */,
			);
			name = Main.storyboard;
			sourceTree = "<group>";
		};
		EC2F6A281834E9030032C836 /* InfoPlist.strings */ = {
			isa = PBXVariantGroup;
			children = (
				EC2F6A291834E9030032C836 /* en */,
			);
			name = InfoPlist.strings;
			sourceTree = "<group>";
		};
/* End PBXVariantGroup section */

/* Begin XCBuildConfiguration section */
		EC2F6A2D1834E9030032C836 /* Debug */ = {
			isa = XCBuildConfiguration;
			buildSettings = {
				ALWAYS_SEARCH_USER_PATHS = NO;
				ARCHS = "$(ARCHS_STANDARD_INCLUDING_64_BIT)";
				CLANG_CXX_LANGUAGE_STANDARD = "gnu++0x";
				CLANG_CXX_LIBRARY = "libc++";
				CLANG_ENABLE_MODULES = YES;
				CLANG_ENABLE_OBJC_ARC = YES;
				CLANG_WARN_BOOL_CONVERSION = YES;
				CLANG_WARN_CONSTANT_CONVERSION = YES;
				CLANG_WARN_DIRECT_OBJC_ISA_USAGE = YES_ERROR;
				CLANG_WARN_EMPTY_BODY = YES;
				CLANG_WARN_ENUM_CONVERSION = YES;
				CLANG_WARN_INT_CONVERSION = YES;
				CLANG_WARN_OBJC_ROOT_CLASS = YES_ERROR;
				CLANG_WARN__DUPLICATE_METHOD_MATCH = YES;
				"CODE_SIGN_IDENTITY[sdk=iphoneos*]" = "iPhone Developer";
				COPY_PHASE_STRIP = NO;
				GCC_C_LANGUAGE_STANDARD = gnu99;
				GCC_DYNAMIC_NO_PIC = NO;
				GCC_OPTIMIZATION_LEVEL = 0;
				GCC_PREPROCESSOR_DEFINITIONS = (
					"DEBUG=1",
					"$(inherited)",
				);
				GCC_SYMBOLS_PRIVATE_EXTERN = NO;
				GCC_WARN_64_TO_32_BIT_CONVERSION = YES;
				GCC_WARN_ABOUT_RETURN_TYPE = YES_ERROR;
				GCC_WARN_UNDECLARED_SELECTOR = YES;
				GCC_WARN_UNINITIALIZED_AUTOS = YES;
				GCC_WARN_UNUSED_FUNCTION = YES;
				GCC_WARN_UNUSED_VARIABLE = YES;
				IPHONEOS_DEPLOYMENT_TARGET = 7.0;
				ONLY_ACTIVE_ARCH = YES;
				SDKROOT = iphoneos;
			};
			name = Debug;
		};
		EC2F6A2E1834E9030032C836 /* Release */ = {
			isa = XCBuildConfiguration;
			buildSettings = {
				ALWAYS_SEARCH_USER_PATHS = NO;
				ARCHS = "$(ARCHS_STANDARD_INCLUDING_64_BIT)";
				CLANG_CXX_LANGUAGE_STANDARD = "gnu++0x";
				CLANG_CXX_LIBRARY = "libc++";
				CLANG_ENABLE_MODULES = YES;
				CLANG_ENABLE_OBJC_ARC = YES;
				CLANG_WARN_BOOL_CONVERSION = YES;
				CLANG_WARN_CONSTANT_CONVERSION = YES;
				CLANG_WARN_DIRECT_OBJC_ISA_USAGE = YES_ERROR;
				CLANG_WARN_EMPTY_BODY = YES;
				CLANG_WARN_ENUM_CONVERSION = YES;
				CLANG_WARN_INT_CONVERSION = YES;
				CLANG_WARN_OBJC_ROOT_CLASS = YES_ERROR;
				CLANG_WARN__DUPLICATE_METHOD_MATCH = YES;
				"CODE_SIGN_IDENTITY[sdk=iphoneos*]" = "iPhone Developer";
				COPY_PHASE_STRIP = YES;
				ENABLE_NS_ASSERTIONS = NO;
				GCC_C_LANGUAGE_STANDARD = gnu99;
				GCC_WARN_64_TO_32_BIT_CONVERSION = YES;
				GCC_WARN_ABOUT_RETURN_TYPE = YES_ERROR;
				GCC_WARN_UNDECLARED_SELECTOR = YES;
				GCC_WARN_UNINITIALIZED_AUTOS = YES;
				GCC_WARN_UNUSED_FUNCTION = YES;
				GCC_WARN_UNUSED_VARIABLE = YES;
				IPHONEOS_DEPLOYMENT_TARGET = 7.0;
				SDKROOT = iphoneos;
				VALIDATE_PRODUCT = YES;
			};
			name = Release;
		};
		EC2F6A301834E9030032C836 /* Debug */ = {
			isa = XCBuildConfiguration;
			buildSettings = {
				ASSETCATALOG_COMPILER_APPICON_NAME = AppIcon;
				ASSETCATALOG_COMPILER_LAUNCHIMAGE_NAME = LaunchImage;
				GCC_PRECOMPILE_PREFIX_HEADER = YES;
				GCC_PREFIX_HEADER = "AloneInThePark/AloneInThePark-Prefix.pch";
				INFOPLIST_FILE = "AloneInThePark/AloneInThePark-Info.plist";
				PRODUCT_NAME = "$(TARGET_NAME)";
				SPRITEKIT_TEXTURE_ATLAS_OUTPUT = YES;
				WRAPPER_EXTENSION = app;
			};
			name = Debug;
		};
		EC2F6A311834E9030032C836 /* Release */ = {
			isa = XCBuildConfiguration;
			buildSettings = {
				ASSETCATALOG_COMPILER_APPICON_NAME = AppIcon;
				ASSETCATALOG_COMPILER_LAUNCHIMAGE_NAME = LaunchImage;
				GCC_PRECOMPILE_PREFIX_HEADER = YES;
				GCC_PREFIX_HEADER = "AloneInThePark/AloneInThePark-Prefix.pch";
				INFOPLIST_FILE = "AloneInThePark/AloneInThePark-Info.plist";
				PRODUCT_NAME = "$(TARGET_NAME)";
				SPRITEKIT_TEXTURE_ATLAS_OUTPUT = YES;
				WRAPPER_EXTENSION = app;
			};
			name = Release;
		};
		EC2F6A331834E9030032C836 /* Debug */ = {
			isa = XCBuildConfiguration;
			buildSettings = {
				ARCHS = "$(ARCHS_STANDARD_INCLUDING_64_BIT)";
				BUNDLE_LOADER = "$(BUILT_PRODUCTS_DIR)/AloneInThePark.app/AloneInThePark";
				FRAMEWORK_SEARCH_PATHS = (
					"$(SDKROOT)/Developer/Library/Frameworks",
					"$(inherited)",
					"$(DEVELOPER_FRAMEWORKS_DIR)",
				);
				GCC_PRECOMPILE_PREFIX_HEADER = YES;
				GCC_PREFIX_HEADER = "AloneInThePark/AloneInThePark-Prefix.pch";
				GCC_PREPROCESSOR_DEFINITIONS = (
					"DEBUG=1",
					"$(inherited)",
				);
				INFOPLIST_FILE = "AloneInTheParkTests/AloneInTheParkTests-Info.plist";
				PRODUCT_NAME = "$(TARGET_NAME)";
				TEST_HOST = "$(BUNDLE_LOADER)";
				WRAPPER_EXTENSION = xctest;
			};
			name = Debug;
		};
		EC2F6A341834E9030032C836 /* Release */ = {
			isa = XCBuildConfiguration;
			buildSettings = {
				ARCHS = "$(ARCHS_STANDARD_INCLUDING_64_BIT)";
				BUNDLE_LOADER = "$(BUILT_PRODUCTS_DIR)/AloneInThePark.app/AloneInThePark";
				FRAMEWORK_SEARCH_PATHS = (
					"$(SDKROOT)/Developer/Library/Frameworks",
					"$(inherited)",
					"$(DEVELOPER_FRAMEWORKS_DIR)",
				);
				GCC_PRECOMPILE_PREFIX_HEADER = YES;
				GCC_PREFIX_HEADER = "AloneInThePark/AloneInThePark-Prefix.pch";
				INFOPLIST_FILE = "AloneInTheParkTests/AloneInTheParkTests-Info.plist";
				PRODUCT_NAME = "$(TARGET_NAME)";
				TEST_HOST = "$(BUNDLE_LOADER)";
				WRAPPER_EXTENSION = xctest;
			};
			name = Release;
		};
/* End XCBuildConfiguration section */

/* Begin XCConfigurationList section */
		EC2F69F11834E9030032C836 /* Build configuration list for PBXProject "AloneInThePark" */ = {
			isa = XCConfigurationList;
			buildConfigurations = (
				EC2F6A2D1834E9030032C836 /* Debug */,
				EC2F6A2E1834E9030032C836 /* Release */,
			);
			defaultConfigurationIsVisible = 0;
			defaultConfigurationName = Release;
		};
		EC2F6A2F1834E9030032C836 /* Build configuration list for PBXNativeTarget "AloneInThePark" */ = {
			isa = XCConfigurationList;
			buildConfigurations = (
				EC2F6A301834E9030032C836 /* Debug */,
				EC2F6A311834E9030032C836 /* Release */,
			);
			defaultConfigurationIsVisible = 0;
			defaultConfigurationName = Release;
		};
		EC2F6A321834E9030032C836 /* Build configuration list for PBXNativeTarget "AloneInTheParkTests" */ = {
			isa = XCConfigurationList;
			buildConfigurations = (
				EC2F6A331834E9030032C836 /* Debug */,
				EC2F6A341834E9030032C836 /* Release */,
			);
			defaultConfigurationIsVisible = 0;
			defaultConfigurationName = Release;
		};
/* End XCConfigurationList section */
	};
	rootObject = EC2F69EE1834E9030032C836 /* Project object */;
}
